// !$*UTF8*$!
{
	archiveVersion = 1;
	classes = {
	};
	objectVersion = 56;
	objects = {

/* Begin PBXBuildFile section */
		8543F81F2C2406C500BAD1BE /* ExampleAppApp.swift in Sources */ = {isa = PBXBuildFile; fileRef = 8543F81E2C2406C500BAD1BE /* ExampleAppApp.swift */; };
		8543F8212C2406C500BAD1BE /* ContentView.swift in Sources */ = {isa = PBXBuildFile; fileRef = 8543F8202C2406C500BAD1BE /* ContentView.swift */; };
		8543F8232C2406C600BAD1BE /* Assets.xcassets in Resources */ = {isa = PBXBuildFile; fileRef = 8543F8222C2406C600BAD1BE /* Assets.xcassets */; };
		8543F8262C2406C600BAD1BE /* Preview Assets.xcassets in Resources */ = {isa = PBXBuildFile; fileRef = 8543F8252C2406C600BAD1BE /* Preview Assets.xcassets */; };
		8543F82E2C24083B00BAD1BE /* FirebaseAnalytics in Frameworks */ = {isa = PBXBuildFile; productRef = 8543F82D2C24083B00BAD1BE /* FirebaseAnalytics */; };
		8543F8302C24083B00BAD1BE /* FirebaseAnalyticsOnDeviceConversion in Frameworks */ = {isa = PBXBuildFile; productRef = 8543F82F2C24083B00BAD1BE /* FirebaseAnalyticsOnDeviceConversion */; };
		8543F8322C24083B00BAD1BE /* FirebaseAnalyticsSwift in Frameworks */ = {isa = PBXBuildFile; productRef = 8543F8312C24083B00BAD1BE /* FirebaseAnalyticsSwift */; };
		8543F8342C24083B00BAD1BE /* FirebaseAnalyticsWithoutAdIdSupport in Frameworks */ = {isa = PBXBuildFile; productRef = 8543F8332C24083B00BAD1BE /* FirebaseAnalyticsWithoutAdIdSupport */; };
		8543F8362C24083B00BAD1BE /* FirebaseAppCheck in Frameworks */ = {isa = PBXBuildFile; productRef = 8543F8352C24083B00BAD1BE /* FirebaseAppCheck */; };
		8543F8382C24083B00BAD1BE /* FirebaseAppDistribution-Beta in Frameworks */ = {isa = PBXBuildFile; productRef = 8543F8372C24083B00BAD1BE /* FirebaseAppDistribution-Beta */; };
		8543F83A2C24083B00BAD1BE /* FirebaseAuth in Frameworks */ = {isa = PBXBuildFile; productRef = 8543F8392C24083B00BAD1BE /* FirebaseAuth */; };
		8543F83C2C24083B00BAD1BE /* FirebaseAuthCombine-Community in Frameworks */ = {isa = PBXBuildFile; productRef = 8543F83B2C24083B00BAD1BE /* FirebaseAuthCombine-Community */; };
		8543F83E2C24083B00BAD1BE /* FirebaseCrashlytics in Frameworks */ = {isa = PBXBuildFile; productRef = 8543F83D2C24083B00BAD1BE /* FirebaseCrashlytics */; };
		8543F8402C24083B00BAD1BE /* FirebaseDatabase in Frameworks */ = {isa = PBXBuildFile; productRef = 8543F83F2C24083B00BAD1BE /* FirebaseDatabase */; };
		8543F8422C24083B00BAD1BE /* FirebaseDatabaseSwift in Frameworks */ = {isa = PBXBuildFile; productRef = 8543F8412C24083B00BAD1BE /* FirebaseDatabaseSwift */; };
		8543F8442C24083B00BAD1BE /* FirebaseDynamicLinks in Frameworks */ = {isa = PBXBuildFile; productRef = 8543F8432C24083B00BAD1BE /* FirebaseDynamicLinks */; };
		8543F8462C24083B00BAD1BE /* FirebaseFirestore in Frameworks */ = {isa = PBXBuildFile; productRef = 8543F8452C24083B00BAD1BE /* FirebaseFirestore */; };
		8543F8482C24083B00BAD1BE /* FirebaseFirestoreCombine-Community in Frameworks */ = {isa = PBXBuildFile; productRef = 8543F8472C24083B00BAD1BE /* FirebaseFirestoreCombine-Community */; };
		8543F84A2C24083B00BAD1BE /* FirebaseFirestoreSwift in Frameworks */ = {isa = PBXBuildFile; productRef = 8543F8492C24083B00BAD1BE /* FirebaseFirestoreSwift */; };
		8543F84C2C24083B00BAD1BE /* FirebaseFunctions in Frameworks */ = {isa = PBXBuildFile; productRef = 8543F84B2C24083B00BAD1BE /* FirebaseFunctions */; };
		8543F84E2C24083B00BAD1BE /* FirebaseFunctionsCombine-Community in Frameworks */ = {isa = PBXBuildFile; productRef = 8543F84D2C24083B00BAD1BE /* FirebaseFunctionsCombine-Community */; };
		8543F8502C24083B00BAD1BE /* FirebaseInAppMessaging-Beta in Frameworks */ = {isa = PBXBuildFile; productRef = 8543F84F2C24083B00BAD1BE /* FirebaseInAppMessaging-Beta */; };
		8543F8522C24083B00BAD1BE /* FirebaseInAppMessagingSwift-Beta in Frameworks */ = {isa = PBXBuildFile; productRef = 8543F8512C24083B00BAD1BE /* FirebaseInAppMessagingSwift-Beta */; };
		8543F8542C24083B00BAD1BE /* FirebaseInstallations in Frameworks */ = {isa = PBXBuildFile; productRef = 8543F8532C24083B00BAD1BE /* FirebaseInstallations */; };
		8543F8562C24083B00BAD1BE /* FirebaseMLModelDownloader in Frameworks */ = {isa = PBXBuildFile; productRef = 8543F8552C24083B00BAD1BE /* FirebaseMLModelDownloader */; };
		8543F8582C24083B00BAD1BE /* FirebaseMessaging in Frameworks */ = {isa = PBXBuildFile; productRef = 8543F8572C24083B00BAD1BE /* FirebaseMessaging */; };
		8543F85A2C24083B00BAD1BE /* FirebasePerformance in Frameworks */ = {isa = PBXBuildFile; productRef = 8543F8592C24083B00BAD1BE /* FirebasePerformance */; };
		8543F85C2C24083B00BAD1BE /* FirebaseRemoteConfig in Frameworks */ = {isa = PBXBuildFile; productRef = 8543F85B2C24083B00BAD1BE /* FirebaseRemoteConfig */; };
		8543F85E2C24083B00BAD1BE /* FirebaseRemoteConfigSwift in Frameworks */ = {isa = PBXBuildFile; productRef = 8543F85D2C24083B00BAD1BE /* FirebaseRemoteConfigSwift */; };
		8543F8602C24083B00BAD1BE /* FirebaseStorage in Frameworks */ = {isa = PBXBuildFile; productRef = 8543F85F2C24083B00BAD1BE /* FirebaseStorage */; };
		8543F8622C24083B00BAD1BE /* FirebaseStorageCombine-Community in Frameworks */ = {isa = PBXBuildFile; productRef = 8543F8612C24083B00BAD1BE /* FirebaseStorageCombine-Community */; };
		8543F8642C24083B00BAD1BE /* FirebaseVertexAI-Preview in Frameworks */ = {isa = PBXBuildFile; productRef = 8543F8632C24083B00BAD1BE /* FirebaseVertexAI-Preview */; };
/* End PBXBuildFile section */

/* Begin PBXFileReference section */
		8543F81B2C2406C500BAD1BE /* ExampleApp.app */ = {isa = PBXFileReference; explicitFileType = wrapper.application; includeInIndex = 0; path = ExampleApp.app; sourceTree = BUILT_PRODUCTS_DIR; };
		8543F81E2C2406C500BAD1BE /* ExampleAppApp.swift */ = {isa = PBXFileReference; lastKnownFileType = sourcecode.swift; path = ExampleAppApp.swift; sourceTree = "<group>"; };
		8543F8202C2406C500BAD1BE /* ContentView.swift */ = {isa = PBXFileReference; lastKnownFileType = sourcecode.swift; path = ContentView.swift; sourceTree = "<group>"; };
		8543F8222C2406C600BAD1BE /* Assets.xcassets */ = {isa = PBXFileReference; lastKnownFileType = folder.assetcatalog; path = Assets.xcassets; sourceTree = "<group>"; };
		8543F8252C2406C600BAD1BE /* Preview Assets.xcassets */ = {isa = PBXFileReference; lastKnownFileType = folder.assetcatalog; path = "Preview Assets.xcassets"; sourceTree = "<group>"; };
/* End PBXFileReference section */

/* Begin PBXFrameworksBuildPhase section */
		8543F8182C2406C500BAD1BE /* Frameworks */ = {
			isa = PBXFrameworksBuildPhase;
			buildActionMask = 2147483647;
			files = (
				8543F8402C24083B00BAD1BE /* FirebaseDatabase in Frameworks */,
				8543F84E2C24083B00BAD1BE /* FirebaseFunctionsCombine-Community in Frameworks */,
				8543F8462C24083B00BAD1BE /* FirebaseFirestore in Frameworks */,
				8543F8322C24083B00BAD1BE /* FirebaseAnalyticsSwift in Frameworks */,
				8543F82E2C24083B00BAD1BE /* FirebaseAnalytics in Frameworks */,
				8543F8302C24083B00BAD1BE /* FirebaseAnalyticsOnDeviceConversion in Frameworks */,
				8543F8562C24083B00BAD1BE /* FirebaseMLModelDownloader in Frameworks */,
				8543F84A2C24083B00BAD1BE /* FirebaseFirestoreSwift in Frameworks */,
				8543F8362C24083B00BAD1BE /* FirebaseAppCheck in Frameworks */,
				8543F8342C24083B00BAD1BE /* FirebaseAnalyticsWithoutAdIdSupport in Frameworks */,
				8543F83A2C24083B00BAD1BE /* FirebaseAuth in Frameworks */,
				8543F83E2C24083B00BAD1BE /* FirebaseCrashlytics in Frameworks */,
				8543F85E2C24083B00BAD1BE /* FirebaseRemoteConfigSwift in Frameworks */,
				8543F8502C24083B00BAD1BE /* FirebaseInAppMessaging-Beta in Frameworks */,
				8543F8422C24083B00BAD1BE /* FirebaseDatabaseSwift in Frameworks */,
				8543F84C2C24083B00BAD1BE /* FirebaseFunctions in Frameworks */,
				8543F8622C24083B00BAD1BE /* FirebaseStorageCombine-Community in Frameworks */,
				8543F85C2C24083B00BAD1BE /* FirebaseRemoteConfig in Frameworks */,
				8543F8382C24083B00BAD1BE /* FirebaseAppDistribution-Beta in Frameworks */,
				8543F83C2C24083B00BAD1BE /* FirebaseAuthCombine-Community in Frameworks */,
				8543F85A2C24083B00BAD1BE /* FirebasePerformance in Frameworks */,
				8543F8522C24083B00BAD1BE /* FirebaseInAppMessagingSwift-Beta in Frameworks */,
				8543F8602C24083B00BAD1BE /* FirebaseStorage in Frameworks */,
				8543F8442C24083B00BAD1BE /* FirebaseDynamicLinks in Frameworks */,
				8543F8642C24083B00BAD1BE /* FirebaseVertexAI-Preview in Frameworks */,
				8543F8482C24083B00BAD1BE /* FirebaseFirestoreCombine-Community in Frameworks */,
				8543F8582C24083B00BAD1BE /* FirebaseMessaging in Frameworks */,
				8543F8542C24083B00BAD1BE /* FirebaseInstallations in Frameworks */,
			);
			runOnlyForDeploymentPostprocessing = 0;
		};
/* End PBXFrameworksBuildPhase section */

/* Begin PBXGroup section */
		8543F8122C2406C500BAD1BE = {
			isa = PBXGroup;
			children = (
				8543F81D2C2406C500BAD1BE /* ExampleApp */,
				8543F81C2C2406C500BAD1BE /* Products */,
			);
			sourceTree = "<group>";
		};
		8543F81C2C2406C500BAD1BE /* Products */ = {
			isa = PBXGroup;
			children = (
				8543F81B2C2406C500BAD1BE /* ExampleApp.app */,
			);
			name = Products;
			sourceTree = "<group>";
		};
		8543F81D2C2406C500BAD1BE /* ExampleApp */ = {
			isa = PBXGroup;
			children = (
				8543F81E2C2406C500BAD1BE /* ExampleAppApp.swift */,
				8543F8202C2406C500BAD1BE /* ContentView.swift */,
				8543F8222C2406C600BAD1BE /* Assets.xcassets */,
				8543F8242C2406C600BAD1BE /* Preview Content */,
			);
			path = ExampleApp;
			sourceTree = "<group>";
		};
		8543F8242C2406C600BAD1BE /* Preview Content */ = {
			isa = PBXGroup;
			children = (
				8543F8252C2406C600BAD1BE /* Preview Assets.xcassets */,
			);
			path = "Preview Content";
			sourceTree = "<group>";
		};
/* End PBXGroup section */

/* Begin PBXNativeTarget section */
		8543F81A2C2406C500BAD1BE /* ExampleApp */ = {
			isa = PBXNativeTarget;
			buildConfigurationList = 8543F8292C2406C600BAD1BE /* Build configuration list for PBXNativeTarget "ExampleApp" */;
			buildPhases = (
				8543F8172C2406C500BAD1BE /* Sources */,
				8543F8182C2406C500BAD1BE /* Frameworks */,
				8543F8192C2406C500BAD1BE /* Resources */,
			);
			buildRules = (
			);
			dependencies = (
			);
			name = ExampleApp;
			packageProductDependencies = (
				8543F82D2C24083B00BAD1BE /* FirebaseAnalytics */,
				8543F82F2C24083B00BAD1BE /* FirebaseAnalyticsOnDeviceConversion */,
				8543F8312C24083B00BAD1BE /* FirebaseAnalyticsSwift */,
				8543F8332C24083B00BAD1BE /* FirebaseAnalyticsWithoutAdIdSupport */,
				8543F8352C24083B00BAD1BE /* FirebaseAppCheck */,
				8543F8372C24083B00BAD1BE /* FirebaseAppDistribution-Beta */,
				8543F8392C24083B00BAD1BE /* FirebaseAuth */,
				8543F83B2C24083B00BAD1BE /* FirebaseAuthCombine-Community */,
				8543F83D2C24083B00BAD1BE /* FirebaseCrashlytics */,
				8543F83F2C24083B00BAD1BE /* FirebaseDatabase */,
				8543F8412C24083B00BAD1BE /* FirebaseDatabaseSwift */,
				8543F8432C24083B00BAD1BE /* FirebaseDynamicLinks */,
				8543F8452C24083B00BAD1BE /* FirebaseFirestore */,
				8543F8472C24083B00BAD1BE /* FirebaseFirestoreCombine-Community */,
				8543F8492C24083B00BAD1BE /* FirebaseFirestoreSwift */,
				8543F84B2C24083B00BAD1BE /* FirebaseFunctions */,
				8543F84D2C24083B00BAD1BE /* FirebaseFunctionsCombine-Community */,
				8543F84F2C24083B00BAD1BE /* FirebaseInAppMessaging-Beta */,
				8543F8512C24083B00BAD1BE /* FirebaseInAppMessagingSwift-Beta */,
				8543F8532C24083B00BAD1BE /* FirebaseInstallations */,
				8543F8552C24083B00BAD1BE /* FirebaseMLModelDownloader */,
				8543F8572C24083B00BAD1BE /* FirebaseMessaging */,
				8543F8592C24083B00BAD1BE /* FirebasePerformance */,
				8543F85B2C24083B00BAD1BE /* FirebaseRemoteConfig */,
				8543F85D2C24083B00BAD1BE /* FirebaseRemoteConfigSwift */,
				8543F85F2C24083B00BAD1BE /* FirebaseStorage */,
				8543F8612C24083B00BAD1BE /* FirebaseStorageCombine-Community */,
				8543F8632C24083B00BAD1BE /* FirebaseVertexAI-Preview */,
			);
			productName = ExampleApp;
			productReference = 8543F81B2C2406C500BAD1BE /* ExampleApp.app */;
			productType = "com.apple.product-type.application";
		};
/* End PBXNativeTarget section */

/* Begin PBXProject section */
		8543F8132C2406C500BAD1BE /* Project object */ = {
			isa = PBXProject;
			attributes = {
				BuildIndependentTargetsInParallel = 1;
				LastSwiftUpdateCheck = 1520;
				LastUpgradeCheck = 1520;
				TargetAttributes = {
					8543F81A2C2406C500BAD1BE = {
						CreatedOnToolsVersion = 15.2;
					};
				};
			};
			buildConfigurationList = 8543F8162C2406C500BAD1BE /* Build configuration list for PBXProject "ExampleApp" */;
			compatibilityVersion = "Xcode 14.0";
			developmentRegion = en;
			hasScannedForEncodings = 0;
			knownRegions = (
				en,
				Base,
			);
			mainGroup = 8543F8122C2406C500BAD1BE;
			packageReferences = (
				8543F82C2C24083B00BAD1BE /* XCRemoteSwiftPackageReference "firebase-ios-sdk" */,
			);
			productRefGroup = 8543F81C2C2406C500BAD1BE /* Products */;
			projectDirPath = "";
			projectRoot = "";
			targets = (
				8543F81A2C2406C500BAD1BE /* ExampleApp */,
			);
		};
/* End PBXProject section */

/* Begin PBXResourcesBuildPhase section */
		8543F8192C2406C500BAD1BE /* Resources */ = {
			isa = PBXResourcesBuildPhase;
			buildActionMask = 2147483647;
			files = (
				8543F8262C2406C600BAD1BE /* Preview Assets.xcassets in Resources */,
				8543F8232C2406C600BAD1BE /* Assets.xcassets in Resources */,
			);
			runOnlyForDeploymentPostprocessing = 0;
		};
/* End PBXResourcesBuildPhase section */

/* Begin PBXSourcesBuildPhase section */
		8543F8172C2406C500BAD1BE /* Sources */ = {
			isa = PBXSourcesBuildPhase;
			buildActionMask = 2147483647;
			files = (
				8543F8212C2406C500BAD1BE /* ContentView.swift in Sources */,
				8543F81F2C2406C500BAD1BE /* ExampleAppApp.swift in Sources */,
			);
			runOnlyForDeploymentPostprocessing = 0;
		};
/* End PBXSourcesBuildPhase section */

/* Begin XCBuildConfiguration section */
		8543F8272C2406C600BAD1BE /* Debug */ = {
			isa = XCBuildConfiguration;
			buildSettings = {
				ALWAYS_SEARCH_USER_PATHS = NO;
				ASSETCATALOG_COMPILER_GENERATE_SWIFT_ASSET_SYMBOL_EXTENSIONS = YES;
				CLANG_ANALYZER_NONNULL = YES;
				CLANG_ANALYZER_NUMBER_OBJECT_CONVERSION = YES_AGGRESSIVE;
				CLANG_CXX_LANGUAGE_STANDARD = "gnu++20";
				CLANG_ENABLE_MODULES = YES;
				CLANG_ENABLE_OBJC_ARC = YES;
				CLANG_ENABLE_OBJC_WEAK = YES;
				CLANG_WARN_BLOCK_CAPTURE_AUTORELEASING = YES;
				CLANG_WARN_BOOL_CONVERSION = YES;
				CLANG_WARN_COMMA = YES;
				CLANG_WARN_CONSTANT_CONVERSION = YES;
				CLANG_WARN_DEPRECATED_OBJC_IMPLEMENTATIONS = YES;
				CLANG_WARN_DIRECT_OBJC_ISA_USAGE = YES_ERROR;
				CLANG_WARN_DOCUMENTATION_COMMENTS = YES;
				CLANG_WARN_EMPTY_BODY = YES;
				CLANG_WARN_ENUM_CONVERSION = YES;
				CLANG_WARN_INFINITE_RECURSION = YES;
				CLANG_WARN_INT_CONVERSION = YES;
				CLANG_WARN_NON_LITERAL_NULL_CONVERSION = YES;
				CLANG_WARN_OBJC_IMPLICIT_RETAIN_SELF = YES;
				CLANG_WARN_OBJC_LITERAL_CONVERSION = YES;
				CLANG_WARN_OBJC_ROOT_CLASS = YES_ERROR;
				CLANG_WARN_QUOTED_INCLUDE_IN_FRAMEWORK_HEADER = YES;
				CLANG_WARN_RANGE_LOOP_ANALYSIS = YES;
				CLANG_WARN_STRICT_PROTOTYPES = YES;
				CLANG_WARN_SUSPICIOUS_MOVE = YES;
				CLANG_WARN_UNGUARDED_AVAILABILITY = YES_AGGRESSIVE;
				CLANG_WARN_UNREACHABLE_CODE = YES;
				CLANG_WARN__DUPLICATE_METHOD_MATCH = YES;
				COPY_PHASE_STRIP = NO;
				DEBUG_INFORMATION_FORMAT = dwarf;
				ENABLE_STRICT_OBJC_MSGSEND = YES;
				ENABLE_TESTABILITY = YES;
				ENABLE_USER_SCRIPT_SANDBOXING = YES;
				GCC_C_LANGUAGE_STANDARD = gnu17;
				GCC_DYNAMIC_NO_PIC = NO;
				GCC_NO_COMMON_BLOCKS = YES;
				GCC_OPTIMIZATION_LEVEL = 0;
				GCC_PREPROCESSOR_DEFINITIONS = (
					"DEBUG=1",
					"$(inherited)",
				);
				GCC_WARN_64_TO_32_BIT_CONVERSION = YES;
				GCC_WARN_ABOUT_RETURN_TYPE = YES_ERROR;
				GCC_WARN_UNDECLARED_SELECTOR = YES;
				GCC_WARN_UNINITIALIZED_AUTOS = YES_AGGRESSIVE;
				GCC_WARN_UNUSED_FUNCTION = YES;
				GCC_WARN_UNUSED_VARIABLE = YES;
				IPHONEOS_DEPLOYMENT_TARGET = 17.2;
				LOCALIZATION_PREFERS_STRING_CATALOGS = YES;
				MTL_ENABLE_DEBUG_INFO = INCLUDE_SOURCE;
				MTL_FAST_MATH = YES;
				ONLY_ACTIVE_ARCH = YES;
				SDKROOT = iphoneos;
				SWIFT_ACTIVE_COMPILATION_CONDITIONS = "DEBUG $(inherited)";
				SWIFT_OPTIMIZATION_LEVEL = "-Onone";
			};
			name = Debug;
		};
		8543F8282C2406C600BAD1BE /* Release */ = {
			isa = XCBuildConfiguration;
			buildSettings = {
				ALWAYS_SEARCH_USER_PATHS = NO;
				ASSETCATALOG_COMPILER_GENERATE_SWIFT_ASSET_SYMBOL_EXTENSIONS = YES;
				CLANG_ANALYZER_NONNULL = YES;
				CLANG_ANALYZER_NUMBER_OBJECT_CONVERSION = YES_AGGRESSIVE;
				CLANG_CXX_LANGUAGE_STANDARD = "gnu++20";
				CLANG_ENABLE_MODULES = YES;
				CLANG_ENABLE_OBJC_ARC = YES;
				CLANG_ENABLE_OBJC_WEAK = YES;
				CLANG_WARN_BLOCK_CAPTURE_AUTORELEASING = YES;
				CLANG_WARN_BOOL_CONVERSION = YES;
				CLANG_WARN_COMMA = YES;
				CLANG_WARN_CONSTANT_CONVERSION = YES;
				CLANG_WARN_DEPRECATED_OBJC_IMPLEMENTATIONS = YES;
				CLANG_WARN_DIRECT_OBJC_ISA_USAGE = YES_ERROR;
				CLANG_WARN_DOCUMENTATION_COMMENTS = YES;
				CLANG_WARN_EMPTY_BODY = YES;
				CLANG_WARN_ENUM_CONVERSION = YES;
				CLANG_WARN_INFINITE_RECURSION = YES;
				CLANG_WARN_INT_CONVERSION = YES;
				CLANG_WARN_NON_LITERAL_NULL_CONVERSION = YES;
				CLANG_WARN_OBJC_IMPLICIT_RETAIN_SELF = YES;
				CLANG_WARN_OBJC_LITERAL_CONVERSION = YES;
				CLANG_WARN_OBJC_ROOT_CLASS = YES_ERROR;
				CLANG_WARN_QUOTED_INCLUDE_IN_FRAMEWORK_HEADER = YES;
				CLANG_WARN_RANGE_LOOP_ANALYSIS = YES;
				CLANG_WARN_STRICT_PROTOTYPES = YES;
				CLANG_WARN_SUSPICIOUS_MOVE = YES;
				CLANG_WARN_UNGUARDED_AVAILABILITY = YES_AGGRESSIVE;
				CLANG_WARN_UNREACHABLE_CODE = YES;
				CLANG_WARN__DUPLICATE_METHOD_MATCH = YES;
				COPY_PHASE_STRIP = NO;
				DEBUG_INFORMATION_FORMAT = "dwarf-with-dsym";
				ENABLE_NS_ASSERTIONS = NO;
				ENABLE_STRICT_OBJC_MSGSEND = YES;
				ENABLE_USER_SCRIPT_SANDBOXING = YES;
				GCC_C_LANGUAGE_STANDARD = gnu17;
				GCC_NO_COMMON_BLOCKS = YES;
				GCC_WARN_64_TO_32_BIT_CONVERSION = YES;
				GCC_WARN_ABOUT_RETURN_TYPE = YES_ERROR;
				GCC_WARN_UNDECLARED_SELECTOR = YES;
				GCC_WARN_UNINITIALIZED_AUTOS = YES_AGGRESSIVE;
				GCC_WARN_UNUSED_FUNCTION = YES;
				GCC_WARN_UNUSED_VARIABLE = YES;
				IPHONEOS_DEPLOYMENT_TARGET = 17.2;
				LOCALIZATION_PREFERS_STRING_CATALOGS = YES;
				MTL_ENABLE_DEBUG_INFO = NO;
				MTL_FAST_MATH = YES;
				SDKROOT = iphoneos;
				SWIFT_COMPILATION_MODE = wholemodule;
				VALIDATE_PRODUCT = YES;
			};
			name = Release;
		};
		8543F82A2C2406C600BAD1BE /* Debug */ = {
			isa = XCBuildConfiguration;
			buildSettings = {
				ASSETCATALOG_COMPILER_APPICON_NAME = AppIcon;
				ASSETCATALOG_COMPILER_GLOBAL_ACCENT_COLOR_NAME = AccentColor;
				CODE_SIGN_STYLE = Automatic;
				CURRENT_PROJECT_VERSION = 1;
				DEVELOPMENT_ASSET_PATHS = "\"ExampleApp/Preview Content\"";
				DEVELOPMENT_TEAM = A3C697XPTN;
				ENABLE_PREVIEWS = YES;
				GENERATE_INFOPLIST_FILE = YES;
				INFOPLIST_KEY_UIApplicationSceneManifest_Generation = YES;
				INFOPLIST_KEY_UIApplicationSupportsIndirectInputEvents = YES;
				INFOPLIST_KEY_UILaunchScreen_Generation = YES;
				INFOPLIST_KEY_UISupportedInterfaceOrientations_iPad = "UIInterfaceOrientationPortrait UIInterfaceOrientationPortraitUpsideDown UIInterfaceOrientationLandscapeLeft UIInterfaceOrientationLandscapeRight";
				INFOPLIST_KEY_UISupportedInterfaceOrientations_iPhone = "UIInterfaceOrientationPortrait UIInterfaceOrientationLandscapeLeft UIInterfaceOrientationLandscapeRight";
				LD_RUNPATH_SEARCH_PATHS = (
					"$(inherited)",
					"@executable_path/Frameworks",
				);
				MARKETING_VERSION = 1.0;
				PRODUCT_BUNDLE_IDENTIFIER = com.exampleApp.stepanek.ExampleApp;
				PRODUCT_NAME = "$(TARGET_NAME)";
				SWIFT_EMIT_LOC_STRINGS = YES;
				SWIFT_VERSION = 5.0;
				TARGETED_DEVICE_FAMILY = "1,2";
			};
			name = Debug;
		};
		8543F82B2C2406C600BAD1BE /* Release */ = {
			isa = XCBuildConfiguration;
			buildSettings = {
				ASSETCATALOG_COMPILER_APPICON_NAME = AppIcon;
				ASSETCATALOG_COMPILER_GLOBAL_ACCENT_COLOR_NAME = AccentColor;
				CODE_SIGN_STYLE = Automatic;
				CURRENT_PROJECT_VERSION = 1;
				DEVELOPMENT_ASSET_PATHS = "\"ExampleApp/Preview Content\"";
				DEVELOPMENT_TEAM = A3C697XPTN;
				ENABLE_PREVIEWS = YES;
				GENERATE_INFOPLIST_FILE = YES;
				INFOPLIST_KEY_UIApplicationSceneManifest_Generation = YES;
				INFOPLIST_KEY_UIApplicationSupportsIndirectInputEvents = YES;
				INFOPLIST_KEY_UILaunchScreen_Generation = YES;
				INFOPLIST_KEY_UISupportedInterfaceOrientations_iPad = "UIInterfaceOrientationPortrait UIInterfaceOrientationPortraitUpsideDown UIInterfaceOrientationLandscapeLeft UIInterfaceOrientationLandscapeRight";
				INFOPLIST_KEY_UISupportedInterfaceOrientations_iPhone = "UIInterfaceOrientationPortrait UIInterfaceOrientationLandscapeLeft UIInterfaceOrientationLandscapeRight";
				LD_RUNPATH_SEARCH_PATHS = (
					"$(inherited)",
					"@executable_path/Frameworks",
				);
				MARKETING_VERSION = 1.0;
				PRODUCT_BUNDLE_IDENTIFIER = com.exampleApp.stepanek.ExampleApp;
				PRODUCT_NAME = "$(TARGET_NAME)";
				SWIFT_EMIT_LOC_STRINGS = YES;
				SWIFT_VERSION = 5.0;
				TARGETED_DEVICE_FAMILY = "1,2";
			};
			name = Release;
		};
/* End XCBuildConfiguration section */

/* Begin XCConfigurationList section */
		8543F8162C2406C500BAD1BE /* Build configuration list for PBXProject "ExampleApp" */ = {
			isa = XCConfigurationList;
			buildConfigurations = (
				8543F8272C2406C600BAD1BE /* Debug */,
				8543F8282C2406C600BAD1BE /* Release */,
			);
			defaultConfigurationIsVisible = 0;
			defaultConfigurationName = Release;
		};
		8543F8292C2406C600BAD1BE /* Build configuration list for PBXNativeTarget "ExampleApp" */ = {
			isa = XCConfigurationList;
			buildConfigurations = (
				8543F82A2C2406C600BAD1BE /* Debug */,
				8543F82B2C2406C600BAD1BE /* Release */,
			);
			defaultConfigurationIsVisible = 0;
			defaultConfigurationName = Release;
		};
/* End XCConfigurationList section */

/* Begin XCRemoteSwiftPackageReference section */
		8543F82C2C24083B00BAD1BE /* XCRemoteSwiftPackageReference "firebase-ios-sdk" */ = {
			isa = XCRemoteSwiftPackageReference;
			repositoryURL = "https://github.com/firebase/firebase-ios-sdk";
			requirement = {
				kind = upToNextMajorVersion;
				minimumVersion = 10.28.0;
			};
		};
/* End XCRemoteSwiftPackageReference section */

/* Begin XCSwiftPackageProductDependency section */
		8543F82D2C24083B00BAD1BE /* FirebaseAnalytics */ = {
			isa = XCSwiftPackageProductDependency;
			package = 8543F82C2C24083B00BAD1BE /* XCRemoteSwiftPackageReference "firebase-ios-sdk" */;
			productName = FirebaseAnalytics;
		};
		8543F82F2C24083B00BAD1BE /* FirebaseAnalyticsOnDeviceConversion */ = {
			isa = XCSwiftPackageProductDependency;
			package = 8543F82C2C24083B00BAD1BE /* XCRemoteSwiftPackageReference "firebase-ios-sdk" */;
			productName = FirebaseAnalyticsOnDeviceConversion;
		};
		8543F8312C24083B00BAD1BE /* FirebaseAnalyticsSwift */ = {
			isa = XCSwiftPackageProductDependency;
			package = 8543F82C2C24083B00BAD1BE /* XCRemoteSwiftPackageReference "firebase-ios-sdk" */;
			productName = FirebaseAnalyticsSwift;
		};
		8543F8332C24083B00BAD1BE /* FirebaseAnalyticsWithoutAdIdSupport */ = {
			isa = XCSwiftPackageProductDependency;
			package = 8543F82C2C24083B00BAD1BE /* XCRemoteSwiftPackageReference "firebase-ios-sdk" */;
			productName = FirebaseAnalyticsWithoutAdIdSupport;
		};
		8543F8352C24083B00BAD1BE /* FirebaseAppCheck */ = {
			isa = XCSwiftPackageProductDependency;
			package = 8543F82C2C24083B00BAD1BE /* XCRemoteSwiftPackageReference "firebase-ios-sdk" */;
			productName = FirebaseAppCheck;
		};
		8543F8372C24083B00BAD1BE /* FirebaseAppDistribution-Beta */ = {
			isa = XCSwiftPackageProductDependency;
			package = 8543F82C2C24083B00BAD1BE /* XCRemoteSwiftPackageReference "firebase-ios-sdk" */;
			productName = "FirebaseAppDistribution-Beta";
		};
		8543F8392C24083B00BAD1BE /* FirebaseAuth */ = {
			isa = XCSwiftPackageProductDependency;
			package = 8543F82C2C24083B00BAD1BE /* XCRemoteSwiftPackageReference "firebase-ios-sdk" */;
			productName = FirebaseAuth;
		};
		8543F83B2C24083B00BAD1BE /* FirebaseAuthCombine-Community */ = {
			isa = XCSwiftPackageProductDependency;
			package = 8543F82C2C24083B00BAD1BE /* XCRemoteSwiftPackageReference "firebase-ios-sdk" */;
			productName = "FirebaseAuthCombine-Community";
		};
		8543F83D2C24083B00BAD1BE /* FirebaseCrashlytics */ = {
			isa = XCSwiftPackageProductDependency;
			package = 8543F82C2C24083B00BAD1BE /* XCRemoteSwiftPackageReference "firebase-ios-sdk" */;
			productName = FirebaseCrashlytics;
		};
		8543F83F2C24083B00BAD1BE /* FirebaseDatabase */ = {
			isa = XCSwiftPackageProductDependency;
			package = 8543F82C2C24083B00BAD1BE /* XCRemoteSwiftPackageReference "firebase-ios-sdk" */;
			productName = FirebaseDatabase;
		};
		8543F8412C24083B00BAD1BE /* FirebaseDatabaseSwift */ = {
			isa = XCSwiftPackageProductDependency;
			package = 8543F82C2C24083B00BAD1BE /* XCRemoteSwiftPackageReference "firebase-ios-sdk" */;
			productName = FirebaseDatabaseSwift;
		};
		8543F8432C24083B00BAD1BE /* FirebaseDynamicLinks */ = {
			isa = XCSwiftPackageProductDependency;
			package = 8543F82C2C24083B00BAD1BE /* XCRemoteSwiftPackageReference "firebase-ios-sdk" */;
			productName = FirebaseDynamicLinks;
		};
		8543F8452C24083B00BAD1BE /* FirebaseFirestore */ = {
			isa = XCSwiftPackageProductDependency;
			package = 8543F82C2C24083B00BAD1BE /* XCRemoteSwiftPackageReference "firebase-ios-sdk" */;
			productName = FirebaseFirestore;
		};
		8543F8472C24083B00BAD1BE /* FirebaseFirestoreCombine-Community */ = {
			isa = XCSwiftPackageProductDependency;
			package = 8543F82C2C24083B00BAD1BE /* XCRemoteSwiftPackageReference "firebase-ios-sdk" */;
			productName = "FirebaseFirestoreCombine-Community";
		};
		8543F8492C24083B00BAD1BE /* FirebaseFirestoreSwift */ = {
			isa = XCSwiftPackageProductDependency;
			package = 8543F82C2C24083B00BAD1BE /* XCRemoteSwiftPackageReference "firebase-ios-sdk" */;
			productName = FirebaseFirestoreSwift;
		};
		8543F84B2C24083B00BAD1BE /* FirebaseFunctions */ = {
			isa = XCSwiftPackageProductDependency;
			package = 8543F82C2C24083B00BAD1BE /* XCRemoteSwiftPackageReference "firebase-ios-sdk" */;
			productName = FirebaseFunctions;
		};
		8543F84D2C24083B00BAD1BE /* FirebaseFunctionsCombine-Community */ = {
			isa = XCSwiftPackageProductDependency;
			package = 8543F82C2C24083B00BAD1BE /* XCRemoteSwiftPackageReference "firebase-ios-sdk" */;
			productName = "FirebaseFunctionsCombine-Community";
		};
		8543F84F2C24083B00BAD1BE /* FirebaseInAppMessaging-Beta */ = {
			isa = XCSwiftPackageProductDependency;
			package = 8543F82C2C24083B00BAD1BE /* XCRemoteSwiftPackageReference "firebase-ios-sdk" */;
			productName = "FirebaseInAppMessaging-Beta";
		};
		8543F8512C24083B00BAD1BE /* FirebaseInAppMessagingSwift-Beta */ = {
			isa = XCSwiftPackageProductDependency;
			package = 8543F82C2C24083B00BAD1BE /* XCRemoteSwiftPackageReference "firebase-ios-sdk" */;
			productName = "FirebaseInAppMessagingSwift-Beta";
		};
		8543F8532C24083B00BAD1BE /* FirebaseInstallations */ = {
			isa = XCSwiftPackageProductDependency;
			package = 8543F82C2C24083B00BAD1BE /* XCRemoteSwiftPackageReference "firebase-ios-sdk" */;
			productName = FirebaseInstallations;
		};
		8543F8552C24083B00BAD1BE /* FirebaseMLModelDownloader */ = {
			isa = XCSwiftPackageProductDependency;
			package = 8543F82C2C24083B00BAD1BE /* XCRemoteSwiftPackageReference "firebase-ios-sdk" */;
			productName = FirebaseMLModelDownloader;
		};
		8543F8572C24083B00BAD1BE /* FirebaseMessaging */ = {
			isa = XCSwiftPackageProductDependency;
			package = 8543F82C2C24083B00BAD1BE /* XCRemoteSwiftPackageReference "firebase-ios-sdk" */;
			productName = FirebaseMessaging;
		};
		8543F8592C24083B00BAD1BE /* FirebasePerformance */ = {
			isa = XCSwiftPackageProductDependency;
			package = 8543F82C2C24083B00BAD1BE /* XCRemoteSwiftPackageReference "firebase-ios-sdk" */;
			productName = FirebasePerformance;
		};
		8543F85B2C24083B00BAD1BE /* FirebaseRemoteConfig */ = {
			isa = XCSwiftPackageProductDependency;
			package = 8543F82C2C24083B00BAD1BE /* XCRemoteSwiftPackageReference "firebase-ios-sdk" */;
			productName = FirebaseRemoteConfig;
		};
		8543F85D2C24083B00BAD1BE /* FirebaseRemoteConfigSwift */ = {
			isa = XCSwiftPackageProductDependency;
			package = 8543F82C2C24083B00BAD1BE /* XCRemoteSwiftPackageReference "firebase-ios-sdk" */;
			productName = FirebaseRemoteConfigSwift;
		};
		8543F85F2C24083B00BAD1BE /* FirebaseStorage */ = {
			isa = XCSwiftPackageProductDependency;
			package = 8543F82C2C24083B00BAD1BE /* XCRemoteSwiftPackageReference "firebase-ios-sdk" */;
			productName = FirebaseStorage;
		};
		8543F8612C24083B00BAD1BE /* FirebaseStorageCombine-Community */ = {
			isa = XCSwiftPackageProductDependency;
			package = 8543F82C2C24083B00BAD1BE /* XCRemoteSwiftPackageReference "firebase-ios-sdk" */;
			productName = "FirebaseStorageCombine-Community";
		};
		8543F8632C24083B00BAD1BE /* FirebaseVertexAI-Preview */ = {
			isa = XCSwiftPackageProductDependency;
			package = 8543F82C2C24083B00BAD1BE /* XCRemoteSwiftPackageReference "firebase-ios-sdk" */;
			productName = "FirebaseVertexAI-Preview";
		};
/* End XCSwiftPackageProductDependency section */
	};
	rootObject = 8543F8132C2406C500BAD1BE /* Project object */;
}
